# THIS IS AN AUTOGENERATED FILE. DO NOT EDIT THIS FILE DIRECTLY.
# yarn lockfile v1


"@babel/code-frame@^7.18.6":
  version "7.18.6"
  resolved "https://registry.yarnpkg.com/@babel/code-frame/-/code-frame-7.18.6.tgz#3b25d38c89600baa2dcc219edfa88a74eb2c427a"
  integrity sha512-TDCmlK5eOvH+eH7cdAFlNXeVJqWIQ7gW9tY1GJIpUtFb6CmjVyq2VM3u71bOyR8CRihcCgMUYoDNyLXao3+70Q==
  dependencies:
    "@babel/highlight" "^7.18.6"

"@babel/generator@^7.21.1":
  version "7.21.1"
  resolved "https://registry.yarnpkg.com/@babel/generator/-/generator-7.21.1.tgz#951cc626057bc0af2c35cd23e9c64d384dea83dd"
  integrity sha512-1lT45bAYlQhFn/BHivJs43AiW2rg3/UbLyShGfF3C0KmHvO5fSghWd5kBJy30kpRRucGzXStvnnCFniCR2kXAA==
  dependencies:
    "@babel/types" "^7.21.0"
    "@jridgewell/gen-mapping" "^0.3.2"
    "@jridgewell/trace-mapping" "^0.3.17"
    jsesc "^2.5.1"

"@babel/helper-annotate-as-pure@^7.16.0":
  version "7.18.6"
  resolved "https://registry.yarnpkg.com/@babel/helper-annotate-as-pure/-/helper-annotate-as-pure-7.18.6.tgz#eaa49f6f80d5a33f9a5dd2276e6d6e451be0a6bb"
  integrity sha512-duORpUiYrEpzKIop6iNbjnwKLAKnJ47csTyRACyEmWj0QdUrm5aqNJGHSSEQSUAvNW0ojX0dOmK9dZduvkfeXA==
  dependencies:
    "@babel/types" "^7.18.6"

"@babel/helper-environment-visitor@^7.18.9":
  version "7.18.9"
  resolved "https://registry.yarnpkg.com/@babel/helper-environment-visitor/-/helper-environment-visitor-7.18.9.tgz#0c0cee9b35d2ca190478756865bb3528422f51be"
  integrity sha512-3r/aACDJ3fhQ/EVgFy0hpj8oHyHpQc+LPtJoY9SzTThAsStm4Ptegq92vqKoE3vD706ZVFWITnMnxucw+S9Ipg==

"@babel/helper-function-name@^7.21.0":
  version "7.21.0"
  resolved "https://registry.yarnpkg.com/@babel/helper-function-name/-/helper-function-name-7.21.0.tgz#d552829b10ea9f120969304023cd0645fa00b1b4"
  integrity sha512-HfK1aMRanKHpxemaY2gqBmL04iAPOPRj7DxtNbiDOrJK+gdwkiNRVpCpUJYbUT+aZyemKN8brqTOxzCaG6ExRg==
  dependencies:
    "@babel/template" "^7.20.7"
    "@babel/types" "^7.21.0"

"@babel/helper-hoist-variables@^7.18.6":
  version "7.18.6"
  resolved "https://registry.yarnpkg.com/@babel/helper-hoist-variables/-/helper-hoist-variables-7.18.6.tgz#d4d2c8fb4baeaa5c68b99cc8245c56554f926678"
  integrity sha512-UlJQPkFqFULIcyW5sbzgbkxn2FKRgwWiRexcuaR8RNJRy8+LLveqPjwZV/bwrLZCN0eUHD/x8D0heK1ozuoo6Q==
  dependencies:
    "@babel/types" "^7.18.6"

"@babel/helper-module-imports@^7.0.0", "@babel/helper-module-imports@^7.16.0":
  version "7.18.6"
  resolved "https://registry.yarnpkg.com/@babel/helper-module-imports/-/helper-module-imports-7.18.6.tgz#1e3ebdbbd08aad1437b428c50204db13c5a3ca6e"
  integrity sha512-0NFvs3VkuSYbFi1x2Vd6tKrywq+z/cLeYC/RJNFrIX/30Bf5aiGYbtvGXolEktzJH8o5E5KJ3tT+nkxuuZFVlA==
  dependencies:
    "@babel/types" "^7.18.6"

"@babel/helper-split-export-declaration@^7.18.6":
  version "7.18.6"
  resolved "https://registry.yarnpkg.com/@babel/helper-split-export-declaration/-/helper-split-export-declaration-7.18.6.tgz#7367949bc75b20c6d5a5d4a97bba2824ae8ef075"
  integrity sha512-bde1etTx6ZyTmobl9LLMMQsaizFVZrquTEHOqKeQESMKo4PlObf+8+JA25ZsIpZhT/WEd39+vOdLXAFG/nELpA==
  dependencies:
    "@babel/types" "^7.18.6"

"@babel/helper-string-parser@^7.19.4":
  version "7.19.4"
  resolved "https://registry.yarnpkg.com/@babel/helper-string-parser/-/helper-string-parser-7.19.4.tgz#38d3acb654b4701a9b77fb0615a96f775c3a9e63"
  integrity sha512-nHtDoQcuqFmwYNYPz3Rah5ph2p8PFeFCsZk9A/48dPc/rGocJ5J3hAAZ7pb76VWX3fZKu+uEr/FhH5jLx7umrw==

"@babel/helper-validator-identifier@^7.18.6", "@babel/helper-validator-identifier@^7.19.1":
  version "7.19.1"
  resolved "https://registry.yarnpkg.com/@babel/helper-validator-identifier/-/helper-validator-identifier-7.19.1.tgz#7eea834cf32901ffdc1a7ee555e2f9c27e249ca2"
  integrity sha512-awrNfaMtnHUr653GgGEs++LlAvW6w+DcPrOliSMXWCKo597CwL5Acf/wWdNkf/tfEQE3mjkeD1YOVZOUV/od1w==

"@babel/highlight@^7.18.6":
  version "7.18.6"
  resolved "https://registry.yarnpkg.com/@babel/highlight/-/highlight-7.18.6.tgz#81158601e93e2563795adcbfbdf5d64be3f2ecdf"
  integrity sha512-u7stbOuYjaPezCuLj29hNW1v64M2Md2qupEKP1fHc7WdOA3DgLh37suiSrZYY7haUB7iBeQZ9P1uiRF359do3g==
  dependencies:
    "@babel/helper-validator-identifier" "^7.18.6"
    chalk "^2.0.0"
    js-tokens "^4.0.0"

"@babel/parser@^7.20.7", "@babel/parser@^7.21.2":
  version "7.21.2"
  resolved "https://registry.yarnpkg.com/@babel/parser/-/parser-7.21.2.tgz#dacafadfc6d7654c3051a66d6fe55b6cb2f2a0b3"
  integrity sha512-URpaIJQwEkEC2T9Kn+Ai6Xe/02iNaVCuT/PtoRz3GPVJVDpPd7mLo+VddTbhCRU9TXqW5mSrQfXZyi8kDKOVpQ==

"@babel/runtime@^7.21.0", "@babel/runtime@^7.5.5", "@babel/runtime@^7.8.7":
  version "7.21.0"
  resolved "https://registry.yarnpkg.com/@babel/runtime/-/runtime-7.21.0.tgz#5b55c9d394e5fcf304909a8b00c07dc217b56673"
  integrity sha512-xwII0//EObnq89Ji5AKYQaRYiW/nZ3llSv29d49IuxPhKbtJoLP+9QUUZ4nVragQVtaVGeZrpB+ZtG/Pdy/POw==
  dependencies:
    regenerator-runtime "^0.13.11"

"@babel/template@^7.20.7":
  version "7.20.7"
  resolved "https://registry.yarnpkg.com/@babel/template/-/template-7.20.7.tgz#a15090c2839a83b02aa996c0b4994005841fd5a8"
  integrity sha512-8SegXApWe6VoNw0r9JHpSteLKTpTiLZ4rMlGIm9JQ18KiCtyQiAMEazujAHrUS5flrcqYZa75ukev3P6QmUwUw==
  dependencies:
    "@babel/code-frame" "^7.18.6"
    "@babel/parser" "^7.20.7"
    "@babel/types" "^7.20.7"

"@babel/traverse@^7.4.5":
  version "7.21.2"
  resolved "https://registry.yarnpkg.com/@babel/traverse/-/traverse-7.21.2.tgz#ac7e1f27658750892e815e60ae90f382a46d8e75"
  integrity sha512-ts5FFU/dSUPS13tv8XiEObDu9K+iagEKME9kAbaP7r0Y9KtZJZ+NGndDvWoRAYNpeWafbpFeki3q9QoMD6gxyw==
  dependencies:
    "@babel/code-frame" "^7.18.6"
    "@babel/generator" "^7.21.1"
    "@babel/helper-environment-visitor" "^7.18.9"
    "@babel/helper-function-name" "^7.21.0"
    "@babel/helper-hoist-variables" "^7.18.6"
    "@babel/helper-split-export-declaration" "^7.18.6"
    "@babel/parser" "^7.21.2"
    "@babel/types" "^7.21.2"
    debug "^4.1.0"
    globals "^11.1.0"

"@babel/types@^7.18.6", "@babel/types@^7.20.7", "@babel/types@^7.21.0", "@babel/types@^7.21.2":
  version "7.21.2"
  resolved "https://registry.yarnpkg.com/@babel/types/-/types-7.21.2.tgz#92246f6e00f91755893c2876ad653db70c8310d1"
  integrity sha512-3wRZSs7jiFaB8AjxiiD+VqN5DTG2iRvJGQ+qYFrs/654lg6kGTQWIOFjlBo5RaXuAZjBmP3+OQH4dmhqiiyYxw==
  dependencies:
    "@babel/helper-string-parser" "^7.19.4"
    "@babel/helper-validator-identifier" "^7.19.1"
    to-fast-properties "^2.0.0"

"@emotion/cache@^11.10.5":
  version "11.10.5"
  resolved "https://registry.yarnpkg.com/@emotion/cache/-/cache-11.10.5.tgz#c142da9351f94e47527ed458f7bbbbe40bb13c12"
  integrity sha512-dGYHWyzTdmK+f2+EnIGBpkz1lKc4Zbj2KHd4cX3Wi8/OWr5pKslNjc3yABKH4adRGCvSX4VDC0i04mrrq0aiRA==
  dependencies:
    "@emotion/memoize" "^0.8.0"
    "@emotion/sheet" "^1.2.1"
    "@emotion/utils" "^1.2.0"
    "@emotion/weak-memoize" "^0.3.0"
    stylis "4.1.3"

"@emotion/is-prop-valid@^1.1.0", "@emotion/is-prop-valid@^1.2.0":
  version "1.2.0"
  resolved "https://registry.yarnpkg.com/@emotion/is-prop-valid/-/is-prop-valid-1.2.0.tgz#7f2d35c97891669f7e276eb71c83376a5dc44c83"
  integrity sha512-3aDpDprjM0AwaxGE09bOPkNxHpBd+kA6jty3RnaEXdweX1DF1U3VQpPYb0g1IStAuK7SVQ1cy+bNBBKp4W3Fjg==
  dependencies:
    "@emotion/memoize" "^0.8.0"

"@emotion/memoize@^0.8.0":
  version "0.8.0"
  resolved "https://registry.yarnpkg.com/@emotion/memoize/-/memoize-0.8.0.tgz#f580f9beb67176fa57aae70b08ed510e1b18980f"
  integrity sha512-G/YwXTkv7Den9mXDO7AhLWkE3q+I92B+VqAE+dYG4NGPaHZGvt3G8Q0p9vmE+sq7rTGphUbAvmQ9YpbfMQGGlA==

"@emotion/sheet@^1.2.1":
  version "1.2.1"
  resolved "https://registry.yarnpkg.com/@emotion/sheet/-/sheet-1.2.1.tgz#0767e0305230e894897cadb6c8df2c51e61a6c2c"
  integrity sha512-zxRBwl93sHMsOj4zs+OslQKg/uhF38MB+OMKoCrVuS0nyTkqnau+BM3WGEoOptg9Oz45T/aIGs1qbVAsEFo3nA==

"@emotion/stylis@^0.8.4":
  version "0.8.5"
  resolved "https://registry.yarnpkg.com/@emotion/stylis/-/stylis-0.8.5.tgz#deacb389bd6ee77d1e7fcaccce9e16c5c7e78e04"
  integrity sha512-h6KtPihKFn3T9fuIrwvXXUOwlx3rfUvfZIcP5a6rh8Y7zjE3O06hT5Ss4S/YI1AYhuZ1kjaE/5EaOOI2NqSylQ==

"@emotion/unitless@^0.7.4":
  version "0.7.5"
  resolved "https://registry.yarnpkg.com/@emotion/unitless/-/unitless-0.7.5.tgz#77211291c1900a700b8a78cfafda3160d76949ed"
  integrity sha512-OWORNpfjMsSSUBVrRBVGECkhWcULOAJz9ZW8uK9qgxD+87M7jHRcvh/A96XXNhXTLmKcoYSQtBEX7lHMO7YRwg==

"@emotion/utils@^1.2.0":
  version "1.2.0"
  resolved "https://registry.yarnpkg.com/@emotion/utils/-/utils-1.2.0.tgz#9716eaccbc6b5ded2ea5a90d65562609aab0f561"
  integrity sha512-sn3WH53Kzpw8oQ5mgMmIzzyAaH2ZqFEbozVVBSYp538E06OSE6ytOp7pRAjNQR+Q/orwqdQYJSe2m3hCOeznkw==

"@emotion/weak-memoize@^0.3.0":
  version "0.3.0"
  resolved "https://registry.yarnpkg.com/@emotion/weak-memoize/-/weak-memoize-0.3.0.tgz#ea89004119dc42db2e1dba0f97d553f7372f6fcb"
  integrity sha512-AHPmaAx+RYfZz0eYu6Gviiagpmiyw98ySSlQvCUhVGDRtDFe4DBS0x1bSjdF3gqUDYOczB+yYvBTtEylYSdRhg==

"@jridgewell/gen-mapping@^0.3.2":
  version "0.3.2"
  resolved "https://registry.yarnpkg.com/@jridgewell/gen-mapping/-/gen-mapping-0.3.2.tgz#c1aedc61e853f2bb9f5dfe6d4442d3b565b253b9"
  integrity sha512-mh65xKQAzI6iBcFzwv28KVWSmCkdRBWoOh+bYQGW3+6OZvbbN3TqMGo5hqYxQniRcH9F2VZIoJCm4pa3BPDK/A==
  dependencies:
    "@jridgewell/set-array" "^1.0.1"
    "@jridgewell/sourcemap-codec" "^1.4.10"
    "@jridgewell/trace-mapping" "^0.3.9"

"@jridgewell/resolve-uri@3.1.0":
  version "3.1.0"
  resolved "https://registry.yarnpkg.com/@jridgewell/resolve-uri/-/resolve-uri-3.1.0.tgz#2203b118c157721addfe69d47b70465463066d78"
  integrity sha512-F2msla3tad+Mfht5cJq7LSXcdudKTWCVYUgw6pLFOOHSTtZlj6SWNYAp+AhuqLmWdBO2X5hPrLcu8cVP8fy28w==

"@jridgewell/set-array@^1.0.1":
  version "1.1.2"
  resolved "https://registry.yarnpkg.com/@jridgewell/set-array/-/set-array-1.1.2.tgz#7c6cf998d6d20b914c0a55a91ae928ff25965e72"
  integrity sha512-xnkseuNADM0gt2bs+BvhO0p78Mk762YnZdsuzFV018NoG1Sj1SCQvpSqa7XUaTam5vAGasABV9qXASMKnFMwMw==

"@jridgewell/sourcemap-codec@1.4.14", "@jridgewell/sourcemap-codec@^1.4.10":
  version "1.4.14"
  resolved "https://registry.yarnpkg.com/@jridgewell/sourcemap-codec/-/sourcemap-codec-1.4.14.tgz#add4c98d341472a289190b424efbdb096991bb24"
  integrity sha512-XPSJHWmi394fuUuzDnGz1wiKqWfo1yXecHQMRf2l6hztTO+nPru658AyDngaBe7isIxEkRsPR3FZh+s7iVa4Uw==

"@jridgewell/trace-mapping@^0.3.17", "@jridgewell/trace-mapping@^0.3.9":
  version "0.3.17"
  resolved "https://registry.yarnpkg.com/@jridgewell/trace-mapping/-/trace-mapping-0.3.17.tgz#793041277af9073b0951a7fe0f0d8c4c98c36985"
  integrity sha512-MCNzAp77qzKca9+W/+I0+sEpaUnZoeasnghNeVc41VZCEKaCH73Vq3BZZ/SzWIgrqE4H4ceI+p+b6C0mHf9T4g==
  dependencies:
    "@jridgewell/resolve-uri" "3.1.0"
    "@jridgewell/sourcemap-codec" "1.4.14"

"@mui/base@5.0.0-alpha.119":
  version "5.0.0-alpha.119"
  resolved "https://registry.yarnpkg.com/@mui/base/-/base-5.0.0-alpha.119.tgz#923e148ceb84898fdd28da069b7c42635053c128"
  integrity sha512-XA5zhlYfXi67u613eIF0xRmktkatx6ERy3h+PwrMN5IcWFbgiL1guz8VpdXON+GWb8+G7B8t5oqTFIaCqaSAeA==
  dependencies:
    "@babel/runtime" "^7.21.0"
    "@emotion/is-prop-valid" "^1.2.0"
    "@mui/types" "^7.2.3"
    "@mui/utils" "^5.11.11"
    "@popperjs/core" "^2.11.6"
    clsx "^1.2.1"
    prop-types "^15.8.1"
    react-is "^18.2.0"

"@mui/core-downloads-tracker@^5.11.12":
  version "5.11.12"
  resolved "https://registry.yarnpkg.com/@mui/core-downloads-tracker/-/core-downloads-tracker-5.11.12.tgz#b2ea89ba71321a79c89dfb6b2a1b1886dc7de6e4"
  integrity sha512-LHh8HZQ5nPVcW5QnyLwkAZ40txc/S2bzKMQ3bTO+5mjuwAJ2AzQrjZINLVy1geY7ei1pHXVqO1hcWHg/QdT44w==

"@mui/material@^5.11.12":
  version "5.11.12"
  resolved "https://registry.yarnpkg.com/@mui/material/-/material-5.11.12.tgz#b113c854fb1bb0aa473686a36a92322c6c754121"
  integrity sha512-M6BiIeJjySeEzWeiFJQ9pIjJy6mx5mHPWeMT99wjQdAmA2GxCQhE9A0fh6jQP4jMmYzxhOIhjsGcp0vSdpseXg==
  dependencies:
    "@babel/runtime" "^7.21.0"
    "@mui/base" "5.0.0-alpha.119"
    "@mui/core-downloads-tracker" "^5.11.12"
    "@mui/system" "^5.11.12"
    "@mui/types" "^7.2.3"
    "@mui/utils" "^5.11.12"
    "@types/react-transition-group" "^4.4.5"
    clsx "^1.2.1"
    csstype "^3.1.1"
    prop-types "^15.8.1"
    react-is "^18.2.0"
    react-transition-group "^4.4.5"

"@mui/private-theming@^5.11.12":
  version "5.11.12"
  resolved "https://registry.yarnpkg.com/@mui/private-theming/-/private-theming-5.11.12.tgz#07c60abac0547b89cc6ac68821c2366e8fab5389"
  integrity sha512-hnJ0svNI1TPeWZ18E6DvES8PB4NyMLwal6EyXf69rTrYqT6wZPLjB+HiCYfSOCqU/fwArhupSqIIkQpDs8CkAw==
  dependencies:
    "@babel/runtime" "^7.21.0"
    "@mui/utils" "^5.11.12"
    prop-types "^15.8.1"

"@mui/styled-engine-sc@^5.11.11":
  version "5.11.11"
  resolved "https://registry.yarnpkg.com/@mui/styled-engine-sc/-/styled-engine-sc-5.11.11.tgz#030882bf991bd11e1a46efba7382ccbfdf7826d2"
  integrity sha512-6+HsfcKHlhjQklDoEup7Itl+Xgn+BCsqEpIdIIhlxED4YlOZ38xghxIKrx78XFZznTorbhAspUgDDKIaB5vDMg==
  dependencies:
    "@babel/runtime" "^7.21.0"
    prop-types "^15.8.1"

"@mui/styled-engine@^5.11.11":
  version "5.11.11"
  resolved "https://registry.yarnpkg.com/@mui/styled-engine/-/styled-engine-5.11.11.tgz#9084c331fdcff2210ec33adf37f34e94d67202e4"
  integrity sha512-wV0UgW4lN5FkDBXefN8eTYeuE9sjyQdg5h94vtwZCUamGQEzmCOtir4AakgmbWMy0x8OLjdEUESn9wnf5J9MOg==
  dependencies:
    "@babel/runtime" "^7.21.0"
    "@emotion/cache" "^11.10.5"
    csstype "^3.1.1"
    prop-types "^15.8.1"

"@mui/system@^5.11.12":
  version "5.11.12"
  resolved "https://registry.yarnpkg.com/@mui/system/-/system-5.11.12.tgz#e7234c4e73e9af2b8e985fbed048d8b274338561"
  integrity sha512-sYjsXkiwKpZDC3aS6O/6KTjji0jGINLQcrD5EJ5NTkIDiLf19I4HJhnufgKqlTWNfoDBlRohuTf3TzfM06c4ug==
  dependencies:
    "@babel/runtime" "^7.21.0"
    "@mui/private-theming" "^5.11.12"
    "@mui/styled-engine" "^5.11.11"
    "@mui/types" "^7.2.3"
    "@mui/utils" "^5.11.12"
    clsx "^1.2.1"
    csstype "^3.1.1"
    prop-types "^15.8.1"

"@mui/types@^7.2.3":
  version "7.2.3"
  resolved "https://registry.yarnpkg.com/@mui/types/-/types-7.2.3.tgz#06faae1c0e2f3a31c86af6f28b3a4a42143670b9"
  integrity sha512-tZ+CQggbe9Ol7e/Fs5RcKwg/woU+o8DCtOnccX6KmbBc7YrfqMYEYuaIcXHuhpT880QwNkZZ3wQwvtlDFA2yOw==

"@mui/utils@^5.11.11", "@mui/utils@^5.11.12":
  version "5.11.12"
  resolved "https://registry.yarnpkg.com/@mui/utils/-/utils-5.11.12.tgz#627f491c0e7267398590af5e6cb14b306170d914"
  integrity sha512-5vH9B/v8pzkpEPO2HvGM54ToXV6cFdAn8UrvdN8TMEEwpn/ycW0jLiyBcgUlPsQ+xha7hqXCPQYHaYFDIcwaiw==
  dependencies:
    "@babel/runtime" "^7.21.0"
    "@types/prop-types" "^15.7.5"
    "@types/react-is" "^16.7.1 || ^17.0.0"
    prop-types "^15.8.1"
    react-is "^18.2.0"

"@popperjs/core@^2.11.6":
  version "2.11.6"
  resolved "https://registry.yarnpkg.com/@popperjs/core/-/core-2.11.6.tgz#cee20bd55e68a1720bdab363ecf0c821ded4cd45"
  integrity sha512-50/17A98tWUfQ176raKiOGXuYpLyyVMkxxG6oylzL3BPOlA6ADGdK7EYunSa4I064xerltq9TGXs8HmOk5E+vw==

"@types/prop-types@*", "@types/prop-types@^15.7.5":
  version "15.7.5"
  resolved "https://registry.yarnpkg.com/@types/prop-types/-/prop-types-15.7.5.tgz#5f19d2b85a98e9558036f6a3cacc8819420f05cf"
  integrity sha512-JCB8C6SnDoQf0cNycqd/35A7MjcnK+ZTqE7judS6o7utxUCg6imJg3QK2qzHKszlTjcj2cn+NwMB2i96ubpj7w==

"@types/react-is@^16.7.1 || ^17.0.0":
  version "17.0.3"
  resolved "https://registry.yarnpkg.com/@types/react-is/-/react-is-17.0.3.tgz#2d855ba575f2fc8d17ef9861f084acc4b90a137a"
  integrity sha512-aBTIWg1emtu95bLTLx0cpkxwGW3ueZv71nE2YFBpL8k/z5czEW8yYpOo8Dp+UUAFAtKwNaOsh/ioSeQnWlZcfw==
  dependencies:
    "@types/react" "*"

"@types/react-transition-group@^4.4.5":
  version "4.4.5"
  resolved "https://registry.yarnpkg.com/@types/react-transition-group/-/react-transition-group-4.4.5.tgz#aae20dcf773c5aa275d5b9f7cdbca638abc5e416"
  integrity sha512-juKD/eiSM3/xZYzjuzH6ZwpP+/lejltmiS3QEzV/vmb/Q8+HfDmxu+Baga8UEMGBqV88Nbg4l2hY/K2DkyaLLA==
  dependencies:
    "@types/react" "*"

"@types/react@*":
  version "18.0.28"
  resolved "https://registry.yarnpkg.com/@types/react/-/react-18.0.28.tgz#accaeb8b86f4908057ad629a26635fe641480065"
  integrity sha512-RD0ivG1kEztNBdoAK7lekI9M+azSnitIn85h4iOiaLjaTrMjzslhaqCGaI4IyCJ1RljWiLCEu4jyrLLgqxBTew==
  dependencies:
    "@types/prop-types" "*"
    "@types/scheduler" "*"
    csstype "^3.0.2"

"@types/scheduler@*":
  version "0.16.2"
  resolved "https://registry.yarnpkg.com/@types/scheduler/-/scheduler-0.16.2.tgz#1a62f89525723dde24ba1b01b092bf5df8ad4d39"
  integrity sha512-hppQEBDmlwhFAXKJX2KnWLYu5yMfi91yazPb2l+lbJiwW+wdo1gNeRA+3RgNSO39WYX2euey41KEwnqesU2Jew==

ansi-styles@^3.2.1:
  version "3.2.1"
  resolved "https://registry.yarnpkg.com/ansi-styles/-/ansi-styles-3.2.1.tgz#41fbb20243e50b12be0f04b8dedbf07520ce841d"
  integrity sha512-VT0ZI6kZRdTh8YyJw3SMbYm/u+NqfsAxEpWO0Pf9sq8/e94WxxOpPKx9FR1FlyCtOVDNOQ+8ntlqFxiRc+r5qA==
  dependencies:
    color-convert "^1.9.0"

"babel-plugin-styled-components@>= 1.12.0":
  version "2.0.7"
  resolved "https://registry.yarnpkg.com/babel-plugin-styled-components/-/babel-plugin-styled-components-2.0.7.tgz#c81ef34b713f9da2b7d3f5550df0d1e19e798086"
  integrity sha512-i7YhvPgVqRKfoQ66toiZ06jPNA3p6ierpfUuEWxNF+fV27Uv5gxBkf8KZLHUCc1nFA9j6+80pYoIpqCeyW3/bA==
  dependencies:
    "@babel/helper-annotate-as-pure" "^7.16.0"
    "@babel/helper-module-imports" "^7.16.0"
    babel-plugin-syntax-jsx "^6.18.0"
    lodash "^4.17.11"
    picomatch "^2.3.0"

babel-plugin-syntax-jsx@^6.18.0:
  version "6.18.0"
  resolved "https://registry.yarnpkg.com/babel-plugin-syntax-jsx/-/babel-plugin-syntax-jsx-6.18.0.tgz#0af32a9a6e13ca7a3fd5069e62d7b0f58d0d8946"
  integrity sha512-qrPaCSo9c8RHNRHIotaufGbuOBN8rtdC4QrrFFc43vyWCCz7Kl7GL1PGaXtMGQZUXrkCjNEgxDfmAuAabr/rlw==

camelize@^1.0.0:
  version "1.0.1"
  resolved "https://registry.yarnpkg.com/camelize/-/camelize-1.0.1.tgz#89b7e16884056331a35d6b5ad064332c91daa6c3"
  integrity sha512-dU+Tx2fsypxTgtLoE36npi3UqcjSSMNYfkqgmoEhtZrraP5VWq0K7FkWVTYa8eMPtnU/G2txVsfdCJTn9uzpuQ==

chalk@^2.0.0:
  version "2.4.2"
  resolved "https://registry.yarnpkg.com/chalk/-/chalk-2.4.2.tgz#cd42541677a54333cf541a49108c1432b44c9424"
  integrity sha512-Mti+f9lpJNcwF4tWV8/OrTTtF1gZi+f8FqlyAdouralcFWFQWF2+NgCHShjkCb+IFBLq9buZwE1xckQU4peSuQ==
  dependencies:
    ansi-styles "^3.2.1"
    escape-string-regexp "^1.0.5"
    supports-color "^5.3.0"

clsx@^1.2.1:
  version "1.2.1"
  resolved "https://registry.yarnpkg.com/clsx/-/clsx-1.2.1.tgz#0ddc4a20a549b59c93a4116bb26f5294ca17dc12"
  integrity sha512-EcR6r5a8bj6pu3ycsa/E/cKVGuTgZJZdsyUYHOksG/UHIiKfjxzRxYJpyVBwYaQeOvghal9fcc4PidlgzugAQg==

color-convert@^1.9.0:
  version "1.9.3"
  resolved "https://registry.yarnpkg.com/color-convert/-/color-convert-1.9.3.tgz#bb71850690e1f136567de629d2d5471deda4c1e8"
  integrity sha512-QfAUtd+vFdAtFQcC8CCyYt1fYWxSqAiK2cSD6zDB8N3cpsEBAvRxp9zOGg6G/SHHJYAT88/az/IuDGALsNVbGg==
  dependencies:
    color-name "1.1.3"

color-name@1.1.3:
  version "1.1.3"
  resolved "https://registry.yarnpkg.com/color-name/-/color-name-1.1.3.tgz#a7d0558bd89c42f795dd42328f740831ca53bc25"
  integrity sha512-72fSenhMw2HZMTVHeCA9KCmpEIbzWiQsjN+BHcBbS9vr1mtt+vJjPdksIBNUmKAW8TFUDPJK5SUU3QhE9NEXDw==

css-color-keywords@^1.0.0:
  version "1.0.0"
  resolved "https://registry.yarnpkg.com/css-color-keywords/-/css-color-keywords-1.0.0.tgz#fea2616dc676b2962686b3af8dbdbe180b244e05"
  integrity sha512-FyyrDHZKEjXDpNJYvVsV960FiqQyXc/LlYmsxl2BcdMb2WPx0OGRVgTg55rPSyLSNMqP52R9r8geSp7apN3Ofg==

css-to-react-native@^3.0.0:
  version "3.2.0"
  resolved "https://registry.yarnpkg.com/css-to-react-native/-/css-to-react-native-3.2.0.tgz#cdd8099f71024e149e4f6fe17a7d46ecd55f1e32"
  integrity sha512-e8RKaLXMOFii+02mOlqwjbD00KSEKqblnpO9e++1aXS1fPQOpS1YoqdVHBqPjHNoxeF2mimzVqawm2KCbEdtHQ==
  dependencies:
    camelize "^1.0.0"
    css-color-keywords "^1.0.0"
    postcss-value-parser "^4.0.2"

csstype@^3.0.2, csstype@^3.1.1:
  version "3.1.1"
  resolved "https://registry.yarnpkg.com/csstype/-/csstype-3.1.1.tgz#841b532c45c758ee546a11d5bd7b7b473c8c30b9"
  integrity sha512-DJR/VvkAvSZW9bTouZue2sSxDwdTN92uHjqeKVm+0dAqdfNykRzQ95tay8aXMBAAPpUiq4Qcug2L7neoRh2Egw==

debug@^4.1.0:
  version "4.3.4"
  resolved "https://registry.yarnpkg.com/debug/-/debug-4.3.4.tgz#1319f6579357f2338d3337d2cdd4914bb5dcc865"
  integrity sha512-PRWFHuSU3eDtQJPvnNY7Jcket1j0t5OuOsFzPPzsekD52Zl8qUfFIPEiswXqIvHWGVHOgX+7G/vCNNhehwxfkQ==
  dependencies:
    ms "2.1.2"

dom-helpers@^5.0.1:
  version "5.2.1"
  resolved "https://registry.yarnpkg.com/dom-helpers/-/dom-helpers-5.2.1.tgz#d9400536b2bf8225ad98fe052e029451ac40e902"
  integrity sha512-nRCa7CK3VTrM2NmGkIy4cbK7IZlgBE/PYMn55rrXefr5xXDP0LdtfPnblFDoVdcAfslJ7or6iqAUnx0CCGIWQA==
  dependencies:
    "@babel/runtime" "^7.8.7"
    csstype "^3.0.2"

escape-string-regexp@^1.0.5:
  version "1.0.5"
  resolved "https://registry.yarnpkg.com/escape-string-regexp/-/escape-string-regexp-1.0.5.tgz#1b61c0562190a8dff6ae3bb2cf0200ca130b86d4"
  integrity sha512-vbRorB5FUQWvla16U8R/qgaFIya2qGzwDrNmCZuYKrbdSUMG6I1ZCGQRefkRVhuOkIGVne7BQ35DSfo1qvJqFg==

globals@^11.1.0:
  version "11.12.0"
  resolved "https://registry.yarnpkg.com/globals/-/globals-11.12.0.tgz#ab8795338868a0babd8525758018c2a7eb95c42e"
  integrity sha512-WOBp/EEGUiIsJSp7wcv/y6MO+lV9UoncWqxuFfm8eBwzWNgyfBd6Gz+IeKQ9jCmyhoH99g15M3T+QaVHFjizVA==

has-flag@^3.0.0:
  version "3.0.0"
  resolved "https://registry.yarnpkg.com/has-flag/-/has-flag-3.0.0.tgz#b5d454dc2199ae225699f3467e5a07f3b955bafd"
  integrity sha512-sKJf1+ceQBr4SMkvQnBDNDtf4TXpVhVGateu0t918bl30FnbE2m4vNLX+VWe/dpjlb+HugGYzW7uQXH98HPEYw==

hoist-non-react-statics@^3.0.0:
  version "3.3.2"
  resolved "https://registry.yarnpkg.com/hoist-non-react-statics/-/hoist-non-react-statics-3.3.2.tgz#ece0acaf71d62c2969c2ec59feff42a4b1a85b45"
  integrity sha512-/gGivxi8JPKWNm/W0jSmzcMPpfpPLc3dY/6GxhX2hQ9iGj3aDfklV4ET7NjKpSinLpJ5vafa9iiGIEZg10SfBw==
  dependencies:
    react-is "^16.7.0"

"js-tokens@^3.0.0 || ^4.0.0", js-tokens@^4.0.0:
  version "4.0.0"
  resolved "https://registry.yarnpkg.com/js-tokens/-/js-tokens-4.0.0.tgz#19203fb59991df98e3a287050d4647cdeaf32499"
  integrity sha512-RdJUflcE3cUzKiMqQgsCu06FPu9UdIJO0beYbPhHN4k6apgJtifcoCtT9bcxOpYBtpD2kCM6Sbzg4CausW/PKQ==

jsesc@^2.5.1:
  version "2.5.2"
  resolved "https://registry.yarnpkg.com/jsesc/-/jsesc-2.5.2.tgz#80564d2e483dacf6e8ef209650a67df3f0c283a4"
  integrity sha512-OYu7XEzjkCQ3C5Ps3QIZsQfNpqoJyZZA99wd9aWd05NCtC5pWOkShK2mkL6HXQR6/Cy2lbNdPlZBpuQHXE63gA==

lodash@^4.17.11:
  version "4.17.21"
  resolved "https://registry.yarnpkg.com/lodash/-/lodash-4.17.21.tgz#679591c564c3bffaae8454cf0b3df370c3d6911c"
  integrity sha512-v2kDEe57lecTulaDIuNTPy3Ry4gLGJ6Z1O3vE1krgXZNrsQ+LFTGHVxVjcXPs17LhbZVGedAJv8XZ1tvj5FvSg==

loose-envify@^1.4.0:
  version "1.4.0"
  resolved "https://registry.yarnpkg.com/loose-envify/-/loose-envify-1.4.0.tgz#71ee51fa7be4caec1a63839f7e682d8132d30caf"
  integrity sha512-lyuxPGr/Wfhrlem2CL/UcnUc1zcqKAImBDzukY7Y5F/yQiNdko6+fRLevlw1HgMySw7f611UIY408EtxRSoK3Q==
  dependencies:
    js-tokens "^3.0.0 || ^4.0.0"

ms@2.1.2:
  version "2.1.2"
  resolved "https://registry.yarnpkg.com/ms/-/ms-2.1.2.tgz#d09d1f357b443f493382a8eb3ccd183872ae6009"
  integrity sha512-sGkPx+VjMtmA6MX27oA4FBFELFCZZ4S4XqeGOXCv68tT+jb3vk/RyaKWP0PTKyWtmLSM0b+adUTEvbs1PEaH2w==

object-assign@^4.1.1:
  version "4.1.1"
  resolved "https://registry.yarnpkg.com/object-assign/-/object-assign-4.1.1.tgz#2109adc7965887cfc05cbbd442cac8bfbb360863"
  integrity sha512-rJgTQnkUnH1sFw8yT6VSU3zD3sWmu6sZhIseY8VX+GRu3P6F7Fu+JNDoXfklElbLJSnc3FUQHVe4cU5hj+BcUg==

picomatch@^2.3.0:
  version "2.3.1"
  resolved "https://registry.yarnpkg.com/picomatch/-/picomatch-2.3.1.tgz#3ba3833733646d9d3e4995946c1365a67fb07a42"
  integrity sha512-JU3teHTNjmE2VCGFzuY8EXzCDVwEqB2a8fsIvwaStHhAWJEeVd1o1QD80CU6+ZdEXXSLbSsuLwJjkCBWqRQUVA==

postcss-value-parser@^4.0.2:
  version "4.2.0"
  resolved "https://registry.yarnpkg.com/postcss-value-parser/-/postcss-value-parser-4.2.0.tgz#723c09920836ba6d3e5af019f92bc0971c02e514"
  integrity sha512-1NNCs6uurfkVbeXG4S8JFT9t19m45ICnif8zWLd5oPSZ50QnwMfK+H3jv408d4jw/7Bttv5axS5IiHoLaVNHeQ==

prop-types@^15.6.2, prop-types@^15.8.1:
  version "15.8.1"
  resolved "https://registry.yarnpkg.com/prop-types/-/prop-types-15.8.1.tgz#67d87bf1a694f48435cf332c24af10214a3140b5"
  integrity sha512-oj87CgZICdulUohogVAR7AjlC0327U4el4L6eAvOqCeudMDVU0NThNaV+b9Df4dXgSP1gXMTnPdhfe/2qDH5cg==
  dependencies:
    loose-envify "^1.4.0"
    object-assign "^4.1.1"
    react-is "^16.13.1"

react-is@^16.13.1, react-is@^16.7.0:
  version "16.13.1"
  resolved "https://registry.yarnpkg.com/react-is/-/react-is-16.13.1.tgz#789729a4dc36de2999dc156dd6c1d9c18cea56a4"
  integrity sha512-24e6ynE2H+OKt4kqsOvNd8kBpV65zoxbA4BVsEOB3ARVWQki/DHzaUoC5KuON/BiccDaCCTZBuOcfZs70kR8bQ==

react-is@^18.2.0:
  version "18.2.0"
  resolved "https://registry.yarnpkg.com/react-is/-/react-is-18.2.0.tgz#199431eeaaa2e09f86427efbb4f1473edb47609b"
  integrity sha512-xWGDIW6x921xtzPkhiULtthJHoJvBbF3q26fzloPCK0hsvxtPVelvftw3zjbHWSkR2km9Z+4uxbDDK/6Zw9B8w==

react-transition-group@^4.4.5:
  version "4.4.5"
  resolved "https://registry.yarnpkg.com/react-transition-group/-/react-transition-group-4.4.5.tgz#e53d4e3f3344da8521489fbef8f2581d42becdd1"
  integrity sha512-pZcd1MCJoiKiBR2NRxeCRg13uCXbydPnmB4EOeRrY7480qNWO8IIgQG6zlDkm6uRMsURXPuKq0GWtiM59a5Q6g==
  dependencies:
    "@babel/runtime" "^7.5.5"
    dom-helpers "^5.0.1"
    loose-envify "^1.4.0"
    prop-types "^15.6.2"

regenerator-runtime@^0.13.11:
  version "0.13.11"
  resolved "https://registry.yarnpkg.com/regenerator-runtime/-/regenerator-runtime-0.13.11.tgz#f6dca3e7ceec20590d07ada785636a90cdca17f9"
  integrity sha512-kY1AZVr2Ra+t+piVaJ4gxaFaReZVH40AKNo7UCX6W+dEwBo/2oZJzqfuN1qLq1oL45o56cPaTXELwrTh8Fpggg==

shallowequal@^1.1.0:
  version "1.1.0"
  resolved "https://registry.yarnpkg.com/shallowequal/-/shallowequal-1.1.0.tgz#188d521de95b9087404fd4dcb68b13df0ae4e7f8"
  integrity sha512-y0m1JoUZSlPAjXVtPPW70aZWfIL/dSP7AFkRnniLCrK/8MDKog3TySTBmckD+RObVxH0v4Tox67+F14PdED2oQ==

styled-components@^5.3.8:
  version "5.3.8"
  resolved "https://registry.yarnpkg.com/styled-components/-/styled-components-5.3.8.tgz#b92e2d10352dc9ecf3b1bc5d27c7500832dcf870"
  integrity sha512-6jQrlvaJQ16uWVVO0rBfApaTPItkqaG32l3746enNZzpMDxMvzmHzj8rHUg39bvVtom0Y8o8ZzWuchEXKGjVsg==
  dependencies:
    "@babel/helper-module-imports" "^7.0.0"
    "@babel/traverse" "^7.4.5"
    "@emotion/is-prop-valid" "^1.1.0"
    "@emotion/stylis" "^0.8.4"
    "@emotion/unitless" "^0.7.4"
    babel-plugin-styled-components ">= 1.12.0"
    css-to-react-native "^3.0.0"
    hoist-non-react-statics "^3.0.0"
    shallowequal "^1.1.0"
    supports-color "^5.5.0"

stylis@4.1.3:
  version "4.1.3"
  resolved "https://registry.yarnpkg.com/stylis/-/stylis-4.1.3.tgz#fd2fbe79f5fed17c55269e16ed8da14c84d069f7"
  integrity sha512-GP6WDNWf+o403jrEp9c5jibKavrtLW+/qYGhFxFrG8maXhwTBI7gLLhiBb0o7uFccWN+EOS9aMO6cGHWAO07OA==

supports-color@^5.3.0, supports-color@^5.5.0:
  version "5.5.0"
  resolved "https://registry.yarnpkg.com/supports-color/-/supports-color-5.5.0.tgz#e2e69a44ac8772f78a1ec0b35b689df6530efc8f"
  integrity sha512-QjVjwdXIt408MIiAqCX4oUKsgU2EqAGzs2Ppkm4aQYbjm+ZEWEcW4SfFNTr4uMNZma0ey4f5lgLrkB0aX0QMow==
  dependencies:
    has-flag "^3.0.0"

to-fast-properties@^2.0.0:
  version "2.0.0"
  resolved "https://registry.yarnpkg.com/to-fast-properties/-/to-fast-properties-2.0.0.tgz#dc5e698cbd079265bc73e0377681a4e4e83f616e"
  integrity sha512-/OaKK0xYrs3DmxRYqL/yDc+FxFUVYhDlXMhRmv3z915w2HF1tnN1omB354j8VUGO/hbRzyD6Y3sA7v7GS/ceog==
